// !$*UTF8*$!
{
	archiveVersion = 1;
	classes = {
	};
	objectVersion = 56;
	objects = {

/* Begin PBXBuildFile section */
		53A56BC02922BF4200B34483 /* AppDelegate.swift in Sources */ = {isa = PBXBuildFile; fileRef = 53A56BBF2922BF4200B34483 /* AppDelegate.swift */; };
		53A56BC22922BF4200B34483 /* SceneDelegate.swift in Sources */ = {isa = PBXBuildFile; fileRef = 53A56BC12922BF4200B34483 /* SceneDelegate.swift */; };
		53A56BC42922BF4200B34483 /* ViewController.swift in Sources */ = {isa = PBXBuildFile; fileRef = 53A56BC32922BF4200B34483 /* ViewController.swift */; };
		53A56BC72922BF4200B34483 /* Main.storyboard in Resources */ = {isa = PBXBuildFile; fileRef = 53A56BC52922BF4200B34483 /* Main.storyboard */; };
		53A56BC92922BF4400B34483 /* Assets.xcassets in Resources */ = {isa = PBXBuildFile; fileRef = 53A56BC82922BF4400B34483 /* Assets.xcassets */; };
		53A56BCC2922BF4400B34483 /* LaunchScreen.storyboard in Resources */ = {isa = PBXBuildFile; fileRef = 53A56BCA2922BF4400B34483 /* LaunchScreen.storyboard */; };
		53A56BD72922BF4500B34483 /* IonicTryoutTests.swift in Sources */ = {isa = PBXBuildFile; fileRef = 53A56BD62922BF4500B34483 /* IonicTryoutTests.swift */; };
		53A56BE12922BF4500B34483 /* IonicTryoutUITests.swift in Sources */ = {isa = PBXBuildFile; fileRef = 53A56BE02922BF4500B34483 /* IonicTryoutUITests.swift */; };
		53A56BE32922BF4500B34483 /* IonicTryoutUITestsLaunchTests.swift in Sources */ = {isa = PBXBuildFile; fileRef = 53A56BE22922BF4500B34483 /* IonicTryoutUITestsLaunchTests.swift */; };
		53A56BF02922C19600B34483 /* hello in Resources */ = {isa = PBXBuildFile; fileRef = 53A56BEF2922C19600B34483 /* hello */; };
		57A05E69691CC6C1BE2F3314 /* Pods_IonicTryout_IonicTryoutUITests.framework in Frameworks */ = {isa = PBXBuildFile; fileRef = B019A8945A5FA28123587B33 /* Pods_IonicTryout_IonicTryoutUITests.framework */; };
		89B65022C4F5408B89557E38 /* Pods_IonicTryout.framework in Frameworks */ = {isa = PBXBuildFile; fileRef = AD56D261B42DE5EF89EFE328 /* Pods_IonicTryout.framework */; };
		EFDBB8BB3854A182B6BC59A1 /* Pods_IonicTryoutTests.framework in Frameworks */ = {isa = PBXBuildFile; fileRef = 35199FE0E19F59CF61FD77A4 /* Pods_IonicTryoutTests.framework */; };
/* End PBXBuildFile section */

/* Begin PBXContainerItemProxy section */
		53A56BD32922BF4400B34483 /* PBXContainerItemProxy */ = {
			isa = PBXContainerItemProxy;
			containerPortal = 53A56BB42922BF4200B34483 /* Project object */;
			proxyType = 1;
			remoteGlobalIDString = 53A56BBB2922BF4200B34483;
			remoteInfo = IonicTryout;
		};
		53A56BDD2922BF4500B34483 /* PBXContainerItemProxy */ = {
			isa = PBXContainerItemProxy;
			containerPortal = 53A56BB42922BF4200B34483 /* Project object */;
			proxyType = 1;
			remoteGlobalIDString = 53A56BBB2922BF4200B34483;
			remoteInfo = IonicTryout;
		};
/* End PBXContainerItemProxy section */

/* Begin PBXFileReference section */
		09791477DB2DF08F6A2C3D70 /* Pods-IonicTryout-IonicTryoutUITests.debug.xcconfig */ = {isa = PBXFileReference; includeInIndex = 1; lastKnownFileType = text.xcconfig; name = "Pods-IonicTryout-IonicTryoutUITests.debug.xcconfig"; path = "Target Support Files/Pods-IonicTryout-IonicTryoutUITests/Pods-IonicTryout-IonicTryoutUITests.debug.xcconfig"; sourceTree = "<group>"; };
		1B8298384AE2DC3B4E50FDEF /* Pods-IonicTryout-IonicTryoutUITests.release.xcconfig */ = {isa = PBXFileReference; includeInIndex = 1; lastKnownFileType = text.xcconfig; name = "Pods-IonicTryout-IonicTryoutUITests.release.xcconfig"; path = "Target Support Files/Pods-IonicTryout-IonicTryoutUITests/Pods-IonicTryout-IonicTryoutUITests.release.xcconfig"; sourceTree = "<group>"; };
		298BC8046701BDE8E3FA68BD /* Pods-IonicTryoutTests.debug.xcconfig */ = {isa = PBXFileReference; includeInIndex = 1; lastKnownFileType = text.xcconfig; name = "Pods-IonicTryoutTests.debug.xcconfig"; path = "Target Support Files/Pods-IonicTryoutTests/Pods-IonicTryoutTests.debug.xcconfig"; sourceTree = "<group>"; };
		35199FE0E19F59CF61FD77A4 /* Pods_IonicTryoutTests.framework */ = {isa = PBXFileReference; explicitFileType = wrapper.framework; includeInIndex = 0; path = Pods_IonicTryoutTests.framework; sourceTree = BUILT_PRODUCTS_DIR; };
		53A56BBC2922BF4200B34483 /* IonicTryout.app */ = {isa = PBXFileReference; explicitFileType = wrapper.application; includeInIndex = 0; path = IonicTryout.app; sourceTree = BUILT_PRODUCTS_DIR; };
		53A56BBF2922BF4200B34483 /* AppDelegate.swift */ = {isa = PBXFileReference; lastKnownFileType = sourcecode.swift; path = AppDelegate.swift; sourceTree = "<group>"; };
		53A56BC12922BF4200B34483 /* SceneDelegate.swift */ = {isa = PBXFileReference; lastKnownFileType = sourcecode.swift; path = SceneDelegate.swift; sourceTree = "<group>"; };
		53A56BC32922BF4200B34483 /* ViewController.swift */ = {isa = PBXFileReference; lastKnownFileType = sourcecode.swift; path = ViewController.swift; sourceTree = "<group>"; };
		53A56BC62922BF4200B34483 /* Base */ = {isa = PBXFileReference; lastKnownFileType = file.storyboard; name = Base; path = Base.lproj/Main.storyboard; sourceTree = "<group>"; };
		53A56BC82922BF4400B34483 /* Assets.xcassets */ = {isa = PBXFileReference; lastKnownFileType = folder.assetcatalog; path = Assets.xcassets; sourceTree = "<group>"; };
		53A56BCB2922BF4400B34483 /* Base */ = {isa = PBXFileReference; lastKnownFileType = file.storyboard; name = Base; path = Base.lproj/LaunchScreen.storyboard; sourceTree = "<group>"; };
		53A56BCD2922BF4400B34483 /* Info.plist */ = {isa = PBXFileReference; lastKnownFileType = text.plist.xml; path = Info.plist; sourceTree = "<group>"; };
		53A56BD22922BF4400B34483 /* IonicTryoutTests.xctest */ = {isa = PBXFileReference; explicitFileType = wrapper.cfbundle; includeInIndex = 0; path = IonicTryoutTests.xctest; sourceTree = BUILT_PRODUCTS_DIR; };
		53A56BD62922BF4500B34483 /* IonicTryoutTests.swift */ = {isa = PBXFileReference; lastKnownFileType = sourcecode.swift; path = IonicTryoutTests.swift; sourceTree = "<group>"; };
		53A56BDC2922BF4500B34483 /* IonicTryoutUITests.xctest */ = {isa = PBXFileReference; explicitFileType = wrapper.cfbundle; includeInIndex = 0; path = IonicTryoutUITests.xctest; sourceTree = BUILT_PRODUCTS_DIR; };
		53A56BE02922BF4500B34483 /* IonicTryoutUITests.swift */ = {isa = PBXFileReference; lastKnownFileType = sourcecode.swift; path = IonicTryoutUITests.swift; sourceTree = "<group>"; };
		53A56BE22922BF4500B34483 /* IonicTryoutUITestsLaunchTests.swift */ = {isa = PBXFileReference; lastKnownFileType = sourcecode.swift; path = IonicTryoutUITestsLaunchTests.swift; sourceTree = "<group>"; };
		53A56BEF2922C19600B34483 /* hello */ = {isa = PBXFileReference; lastKnownFileType = folder; path = hello; sourceTree = "<group>"; };
		5C0DAD81A4D7787C09B10C8A /* Pods-IonicTryout.debug.xcconfig */ = {isa = PBXFileReference; includeInIndex = 1; lastKnownFileType = text.xcconfig; name = "Pods-IonicTryout.debug.xcconfig"; path = "Target Support Files/Pods-IonicTryout/Pods-IonicTryout.debug.xcconfig"; sourceTree = "<group>"; };
		5F3329BBBEB7315C5F643EF3 /* Pods-IonicTryout.release.xcconfig */ = {isa = PBXFileReference; includeInIndex = 1; lastKnownFileType = text.xcconfig; name = "Pods-IonicTryout.release.xcconfig"; path = "Target Support Files/Pods-IonicTryout/Pods-IonicTryout.release.xcconfig"; sourceTree = "<group>"; };
		864BBAA6978F3C073B99D6AB /* Pods-IonicTryoutTests.release.xcconfig */ = {isa = PBXFileReference; includeInIndex = 1; lastKnownFileType = text.xcconfig; name = "Pods-IonicTryoutTests.release.xcconfig"; path = "Target Support Files/Pods-IonicTryoutTests/Pods-IonicTryoutTests.release.xcconfig"; sourceTree = "<group>"; };
		AD56D261B42DE5EF89EFE328 /* Pods_IonicTryout.framework */ = {isa = PBXFileReference; explicitFileType = wrapper.framework; includeInIndex = 0; path = Pods_IonicTryout.framework; sourceTree = BUILT_PRODUCTS_DIR; };
		B019A8945A5FA28123587B33 /* Pods_IonicTryout_IonicTryoutUITests.framework */ = {isa = PBXFileReference; explicitFileType = wrapper.framework; includeInIndex = 0; path = Pods_IonicTryout_IonicTryoutUITests.framework; sourceTree = BUILT_PRODUCTS_DIR; };
/* End PBXFileReference section */

/* Begin PBXFrameworksBuildPhase section */
		53A56BB92922BF4200B34483 /* Frameworks */ = {
			isa = PBXFrameworksBuildPhase;
			buildActionMask = 2147483647;
			files = (
				89B65022C4F5408B89557E38 /* Pods_IonicTryout.framework in Frameworks */,
			);
			runOnlyForDeploymentPostprocessing = 0;
		};
		53A56BCF2922BF4400B34483 /* Frameworks */ = {
			isa = PBXFrameworksBuildPhase;
			buildActionMask = 2147483647;
			files = (
				EFDBB8BB3854A182B6BC59A1 /* Pods_IonicTryoutTests.framework in Frameworks */,
			);
			runOnlyForDeploymentPostprocessing = 0;
		};
		53A56BD92922BF4500B34483 /* Frameworks */ = {
			isa = PBXFrameworksBuildPhase;
			buildActionMask = 2147483647;
			files = (
				57A05E69691CC6C1BE2F3314 /* Pods_IonicTryout_IonicTryoutUITests.framework in Frameworks */,
			);
			runOnlyForDeploymentPostprocessing = 0;
		};
/* End PBXFrameworksBuildPhase section */

/* Begin PBXGroup section */
		034AFA59F846C69915373F5C /* Frameworks */ = {
			isa = PBXGroup;
			children = (
				AD56D261B42DE5EF89EFE328 /* Pods_IonicTryout.framework */,
				B019A8945A5FA28123587B33 /* Pods_IonicTryout_IonicTryoutUITests.framework */,
				35199FE0E19F59CF61FD77A4 /* Pods_IonicTryoutTests.framework */,
			);
			name = Frameworks;
			sourceTree = "<group>";
		};
		53A56BB32922BF4200B34483 = {
			isa = PBXGroup;
			children = (
				53A56BEF2922C19600B34483 /* hello */,
				53A56BBE2922BF4200B34483 /* IonicTryout */,
				53A56BD52922BF4500B34483 /* IonicTryoutTests */,
				53A56BDF2922BF4500B34483 /* IonicTryoutUITests */,
				53A56BBD2922BF4200B34483 /* Products */,
				D9C3FB2D2F761ADE09707F35 /* Pods */,
				034AFA59F846C69915373F5C /* Frameworks */,
			);
			sourceTree = "<group>";
		};
		53A56BBD2922BF4200B34483 /* Products */ = {
			isa = PBXGroup;
			children = (
				53A56BBC2922BF4200B34483 /* IonicTryout.app */,
				53A56BD22922BF4400B34483 /* IonicTryoutTests.xctest */,
				53A56BDC2922BF4500B34483 /* IonicTryoutUITests.xctest */,
			);
			name = Products;
			sourceTree = "<group>";
		};
		53A56BBE2922BF4200B34483 /* IonicTryout */ = {
			isa = PBXGroup;
			children = (
				53A56BBF2922BF4200B34483 /* AppDelegate.swift */,
				53A56BC12922BF4200B34483 /* SceneDelegate.swift */,
				53A56BC32922BF4200B34483 /* ViewController.swift */,
				53A56BC52922BF4200B34483 /* Main.storyboard */,
				53A56BC82922BF4400B34483 /* Assets.xcassets */,
				53A56BCA2922BF4400B34483 /* LaunchScreen.storyboard */,
				53A56BCD2922BF4400B34483 /* Info.plist */,
			);
			path = IonicTryout;
			sourceTree = "<group>";
		};
		53A56BD52922BF4500B34483 /* IonicTryoutTests */ = {
			isa = PBXGroup;
			children = (
				53A56BD62922BF4500B34483 /* IonicTryoutTests.swift */,
			);
			path = IonicTryoutTests;
			sourceTree = "<group>";
		};
		53A56BDF2922BF4500B34483 /* IonicTryoutUITests */ = {
			isa = PBXGroup;
			children = (
				53A56BE02922BF4500B34483 /* IonicTryoutUITests.swift */,
				53A56BE22922BF4500B34483 /* IonicTryoutUITestsLaunchTests.swift */,
			);
			path = IonicTryoutUITests;
			sourceTree = "<group>";
		};
		D9C3FB2D2F761ADE09707F35 /* Pods */ = {
			isa = PBXGroup;
			children = (
				5C0DAD81A4D7787C09B10C8A /* Pods-IonicTryout.debug.xcconfig */,
				5F3329BBBEB7315C5F643EF3 /* Pods-IonicTryout.release.xcconfig */,
				09791477DB2DF08F6A2C3D70 /* Pods-IonicTryout-IonicTryoutUITests.debug.xcconfig */,
				1B8298384AE2DC3B4E50FDEF /* Pods-IonicTryout-IonicTryoutUITests.release.xcconfig */,
				298BC8046701BDE8E3FA68BD /* Pods-IonicTryoutTests.debug.xcconfig */,
				864BBAA6978F3C073B99D6AB /* Pods-IonicTryoutTests.release.xcconfig */,
			);
			path = Pods;
			sourceTree = "<group>";
		};
/* End PBXGroup section */

/* Begin PBXNativeTarget section */
		53A56BBB2922BF4200B34483 /* IonicTryout */ = {
			isa = PBXNativeTarget;
			buildConfigurationList = 53A56BE62922BF4500B34483 /* Build configuration list for PBXNativeTarget "IonicTryout" */;
			buildPhases = (
				D44137F6E33185E63C4188D4 /* [CP] Check Pods Manifest.lock */,
				53A56BB82922BF4200B34483 /* Sources */,
				53A56BB92922BF4200B34483 /* Frameworks */,
				53A56BBA2922BF4200B34483 /* Resources */,
				12DA10843B8169512B0D16B5 /* [CP] Embed Pods Frameworks */,
			);
			buildRules = (
			);
			dependencies = (
			);
			name = IonicTryout;
			productName = IonicTryout;
			productReference = 53A56BBC2922BF4200B34483 /* IonicTryout.app */;
			productType = "com.apple.product-type.application";
		};
		53A56BD12922BF4400B34483 /* IonicTryoutTests */ = {
			isa = PBXNativeTarget;
			buildConfigurationList = 53A56BE92922BF4500B34483 /* Build configuration list for PBXNativeTarget "IonicTryoutTests" */;
			buildPhases = (
				58242A4331230968F92DEC99 /* [CP] Check Pods Manifest.lock */,
				53A56BCE2922BF4400B34483 /* Sources */,
				53A56BCF2922BF4400B34483 /* Frameworks */,
				53A56BD02922BF4400B34483 /* Resources */,
			);
			buildRules = (
			);
			dependencies = (
				53A56BD42922BF4400B34483 /* PBXTargetDependency */,
			);
			name = IonicTryoutTests;
			productName = IonicTryoutTests;
			productReference = 53A56BD22922BF4400B34483 /* IonicTryoutTests.xctest */;
			productType = "com.apple.product-type.bundle.unit-test";
		};
		53A56BDB2922BF4500B34483 /* IonicTryoutUITests */ = {
			isa = PBXNativeTarget;
			buildConfigurationList = 53A56BEC2922BF4500B34483 /* Build configuration list for PBXNativeTarget "IonicTryoutUITests" */;
			buildPhases = (
				910D89DE2B0CFBC6A6EB9F69 /* [CP] Check Pods Manifest.lock */,
				53A56BD82922BF4500B34483 /* Sources */,
				53A56BD92922BF4500B34483 /* Frameworks */,
				53A56BDA2922BF4500B34483 /* Resources */,
				F69E58552AC394F741902111 /* [CP] Embed Pods Frameworks */,
			);
			buildRules = (
			);
			dependencies = (
				53A56BDE2922BF4500B34483 /* PBXTargetDependency */,
			);
			name = IonicTryoutUITests;
			productName = IonicTryoutUITests;
			productReference = 53A56BDC2922BF4500B34483 /* IonicTryoutUITests.xctest */;
			productType = "com.apple.product-type.bundle.ui-testing";
		};
/* End PBXNativeTarget section */

/* Begin PBXProject section */
		53A56BB42922BF4200B34483 /* Project object */ = {
			isa = PBXProject;
			attributes = {
				BuildIndependentTargetsInParallel = 1;
				LastSwiftUpdateCheck = 1410;
				LastUpgradeCheck = 1410;
				TargetAttributes = {
					53A56BBB2922BF4200B34483 = {
						CreatedOnToolsVersion = 14.1;
					};
					53A56BD12922BF4400B34483 = {
						CreatedOnToolsVersion = 14.1;
						TestTargetID = 53A56BBB2922BF4200B34483;
					};
					53A56BDB2922BF4500B34483 = {
						CreatedOnToolsVersion = 14.1;
						TestTargetID = 53A56BBB2922BF4200B34483;
					};
				};
			};
			buildConfigurationList = 53A56BB72922BF4200B34483 /* Build configuration list for PBXProject "IonicTryout" */;
			compatibilityVersion = "Xcode 14.0";
			developmentRegion = en;
			hasScannedForEncodings = 0;
			knownRegions = (
				en,
				Base,
			);
			mainGroup = 53A56BB32922BF4200B34483;
			productRefGroup = 53A56BBD2922BF4200B34483 /* Products */;
			projectDirPath = "";
			projectRoot = "";
			targets = (
				53A56BBB2922BF4200B34483 /* IonicTryout */,
				53A56BD12922BF4400B34483 /* IonicTryoutTests */,
				53A56BDB2922BF4500B34483 /* IonicTryoutUITests */,
			);
		};
/* End PBXProject section */

/* Begin PBXResourcesBuildPhase section */
		53A56BBA2922BF4200B34483 /* Resources */ = {
			isa = PBXResourcesBuildPhase;
			buildActionMask = 2147483647;
			files = (
				53A56BCC2922BF4400B34483 /* LaunchScreen.storyboard in Resources */,
				53A56BF02922C19600B34483 /* hello in Resources */,
				53A56BC92922BF4400B34483 /* Assets.xcassets in Resources */,
				53A56BC72922BF4200B34483 /* Main.storyboard in Resources */,
			);
			runOnlyForDeploymentPostprocessing = 0;
		};
		53A56BD02922BF4400B34483 /* Resources */ = {
			isa = PBXResourcesBuildPhase;
			buildActionMask = 2147483647;
			files = (
			);
			runOnlyForDeploymentPostprocessing = 0;
		};
		53A56BDA2922BF4500B34483 /* Resources */ = {
			isa = PBXResourcesBuildPhase;
			buildActionMask = 2147483647;
			files = (
			);
			runOnlyForDeploymentPostprocessing = 0;
		};
/* End PBXResourcesBuildPhase section */

/* Begin PBXShellScriptBuildPhase section */
		12DA10843B8169512B0D16B5 /* [CP] Embed Pods Frameworks */ = {
			isa = PBXShellScriptBuildPhase;
			buildActionMask = 2147483647;
			files = (
			);
			inputFileListPaths = (
				"${PODS_ROOT}/Target Support Files/Pods-IonicTryout/Pods-IonicTryout-frameworks-${CONFIGURATION}-input-files.xcfilelist",
			);
			name = "[CP] Embed Pods Frameworks";
			outputFileListPaths = (
				"${PODS_ROOT}/Target Support Files/Pods-IonicTryout/Pods-IonicTryout-frameworks-${CONFIGURATION}-output-files.xcfilelist",
			);
			runOnlyForDeploymentPostprocessing = 0;
			shellPath = /bin/sh;
			shellScript = "\"${PODS_ROOT}/Target Support Files/Pods-IonicTryout/Pods-IonicTryout-frameworks.sh\"\n";
			showEnvVarsInLog = 0;
		};
		58242A4331230968F92DEC99 /* [CP] Check Pods Manifest.lock */ = {
			isa = PBXShellScriptBuildPhase;
			buildActionMask = 2147483647;
			files = (
			);
			inputFileListPaths = (
			);
			inputPaths = (
				"${PODS_PODFILE_DIR_PATH}/Podfile.lock",
				"${PODS_ROOT}/Manifest.lock",
			);
			name = "[CP] Check Pods Manifest.lock";
			outputFileListPaths = (
			);
			outputPaths = (
				"$(DERIVED_FILE_DIR)/Pods-IonicTryoutTests-checkManifestLockResult.txt",
			);
			runOnlyForDeploymentPostprocessing = 0;
			shellPath = /bin/sh;
			shellScript = "diff \"${PODS_PODFILE_DIR_PATH}/Podfile.lock\" \"${PODS_ROOT}/Manifest.lock\" > /dev/null\nif [ $? != 0 ] ; then\n    # print error to STDERR\n    echo \"error: The sandbox is not in sync with the Podfile.lock. Run 'pod install' or update your CocoaPods installation.\" >&2\n    exit 1\nfi\n# This output is used by Xcode 'outputs' to avoid re-running this script phase.\necho \"SUCCESS\" > \"${SCRIPT_OUTPUT_FILE_0}\"\n";
			showEnvVarsInLog = 0;
		};
		910D89DE2B0CFBC6A6EB9F69 /* [CP] Check Pods Manifest.lock */ = {
			isa = PBXShellScriptBuildPhase;
			buildActionMask = 2147483647;
			files = (
			);
			inputFileListPaths = (
			);
			inputPaths = (
				"${PODS_PODFILE_DIR_PATH}/Podfile.lock",
				"${PODS_ROOT}/Manifest.lock",
			);
			name = "[CP] Check Pods Manifest.lock";
			outputFileListPaths = (
			);
			outputPaths = (
				"$(DERIVED_FILE_DIR)/Pods-IonicTryout-IonicTryoutUITests-checkManifestLockResult.txt",
			);
			runOnlyForDeploymentPostprocessing = 0;
			shellPath = /bin/sh;
			shellScript = "diff \"${PODS_PODFILE_DIR_PATH}/Podfile.lock\" \"${PODS_ROOT}/Manifest.lock\" > /dev/null\nif [ $? != 0 ] ; then\n    # print error to STDERR\n    echo \"error: The sandbox is not in sync with the Podfile.lock. Run 'pod install' or update your CocoaPods installation.\" >&2\n    exit 1\nfi\n# This output is used by Xcode 'outputs' to avoid re-running this script phase.\necho \"SUCCESS\" > \"${SCRIPT_OUTPUT_FILE_0}\"\n";
			showEnvVarsInLog = 0;
		};
		D44137F6E33185E63C4188D4 /* [CP] Check Pods Manifest.lock */ = {
			isa = PBXShellScriptBuildPhase;
			buildActionMask = 2147483647;
			files = (
			);
			inputFileListPaths = (
			);
			inputPaths = (
				"${PODS_PODFILE_DIR_PATH}/Podfile.lock",
				"${PODS_ROOT}/Manifest.lock",
			);
			name = "[CP] Check Pods Manifest.lock";
			outputFileListPaths = (
			);
			outputPaths = (
				"$(DERIVED_FILE_DIR)/Pods-IonicTryout-checkManifestLockResult.txt",
			);
			runOnlyForDeploymentPostprocessing = 0;
			shellPath = /bin/sh;
			shellScript = "diff \"${PODS_PODFILE_DIR_PATH}/Podfile.lock\" \"${PODS_ROOT}/Manifest.lock\" > /dev/null\nif [ $? != 0 ] ; then\n    # print error to STDERR\n    echo \"error: The sandbox is not in sync with the Podfile.lock. Run 'pod install' or update your CocoaPods installation.\" >&2\n    exit 1\nfi\n# This output is used by Xcode 'outputs' to avoid re-running this script phase.\necho \"SUCCESS\" > \"${SCRIPT_OUTPUT_FILE_0}\"\n";
			showEnvVarsInLog = 0;
		};
		F69E58552AC394F741902111 /* [CP] Embed Pods Frameworks */ = {
			isa = PBXShellScriptBuildPhase;
			buildActionMask = 2147483647;
			files = (
			);
			inputFileListPaths = (
				"${PODS_ROOT}/Target Support Files/Pods-IonicTryout-IonicTryoutUITests/Pods-IonicTryout-IonicTryoutUITests-frameworks-${CONFIGURATION}-input-files.xcfilelist",
			);
			name = "[CP] Embed Pods Frameworks";
			outputFileListPaths = (
				"${PODS_ROOT}/Target Support Files/Pods-IonicTryout-IonicTryoutUITests/Pods-IonicTryout-IonicTryoutUITests-frameworks-${CONFIGURATION}-output-files.xcfilelist",
			);
			runOnlyForDeploymentPostprocessing = 0;
			shellPath = /bin/sh;
			shellScript = "\"${PODS_ROOT}/Target Support Files/Pods-IonicTryout-IonicTryoutUITests/Pods-IonicTryout-IonicTryoutUITests-frameworks.sh\"\n";
			showEnvVarsInLog = 0;
		};
/* End PBXShellScriptBuildPhase section */

/* Begin PBXSourcesBuildPhase section */
		53A56BB82922BF4200B34483 /* Sources */ = {
			isa = PBXSourcesBuildPhase;
			buildActionMask = 2147483647;
			files = (
				53A56BC42922BF4200B34483 /* ViewController.swift in Sources */,
				53A56BC02922BF4200B34483 /* AppDelegate.swift in Sources */,
				53A56BC22922BF4200B34483 /* SceneDelegate.swift in Sources */,
			);
			runOnlyForDeploymentPostprocessing = 0;
		};
		53A56BCE2922BF4400B34483 /* Sources */ = {
			isa = PBXSourcesBuildPhase;
			buildActionMask = 2147483647;
			files = (
				53A56BD72922BF4500B34483 /* IonicTryoutTests.swift in Sources */,
			);
			runOnlyForDeploymentPostprocessing = 0;
		};
		53A56BD82922BF4500B34483 /* Sources */ = {
			isa = PBXSourcesBuildPhase;
			buildActionMask = 2147483647;
			files = (
				53A56BE32922BF4500B34483 /* IonicTryoutUITestsLaunchTests.swift in Sources */,
				53A56BE12922BF4500B34483 /* IonicTryoutUITests.swift in Sources */,
			);
			runOnlyForDeploymentPostprocessing = 0;
		};
/* End PBXSourcesBuildPhase section */

/* Begin PBXTargetDependency section */
		53A56BD42922BF4400B34483 /* PBXTargetDependency */ = {
			isa = PBXTargetDependency;
			target = 53A56BBB2922BF4200B34483 /* IonicTryout */;
			targetProxy = 53A56BD32922BF4400B34483 /* PBXContainerItemProxy */;
		};
		53A56BDE2922BF4500B34483 /* PBXTargetDependency */ = {
			isa = PBXTargetDependency;
			target = 53A56BBB2922BF4200B34483 /* IonicTryout */;
			targetProxy = 53A56BDD2922BF4500B34483 /* PBXContainerItemProxy */;
		};
/* End PBXTargetDependency section */

/* Begin PBXVariantGroup section */
		53A56BC52922BF4200B34483 /* Main.storyboard */ = {
			isa = PBXVariantGroup;
			children = (
				53A56BC62922BF4200B34483 /* Base */,
			);
			name = Main.storyboard;
			sourceTree = "<group>";
		};
		53A56BCA2922BF4400B34483 /* LaunchScreen.storyboard */ = {
			isa = PBXVariantGroup;
			children = (
				53A56BCB2922BF4400B34483 /* Base */,
			);
			name = LaunchScreen.storyboard;
			sourceTree = "<group>";
		};
/* End PBXVariantGroup section */

/* Begin XCBuildConfiguration section */
		53A56BE42922BF4500B34483 /* Debug */ = {
			isa = XCBuildConfiguration;
			buildSettings = {
				ALWAYS_SEARCH_USER_PATHS = NO;
				CLANG_ANALYZER_NONNULL = YES;
				CLANG_ANALYZER_NUMBER_OBJECT_CONVERSION = YES_AGGRESSIVE;
				CLANG_CXX_LANGUAGE_STANDARD = "gnu++20";
				CLANG_ENABLE_MODULES = YES;
				CLANG_ENABLE_OBJC_ARC = YES;
				CLANG_ENABLE_OBJC_WEAK = YES;
				CLANG_WARN_BLOCK_CAPTURE_AUTORELEASING = YES;
				CLANG_WARN_BOOL_CONVERSION = YES;
				CLANG_WARN_COMMA = YES;
				CLANG_WARN_CONSTANT_CONVERSION = YES;
				CLANG_WARN_DEPRECATED_OBJC_IMPLEMENTATIONS = YES;
				CLANG_WARN_DIRECT_OBJC_ISA_USAGE = YES_ERROR;
				CLANG_WARN_DOCUMENTATION_COMMENTS = YES;
				CLANG_WARN_EMPTY_BODY = YES;
				CLANG_WARN_ENUM_CONVERSION = YES;
				CLANG_WARN_INFINITE_RECURSION = YES;
				CLANG_WARN_INT_CONVERSION = YES;
				CLANG_WARN_NON_LITERAL_NULL_CONVERSION = YES;
				CLANG_WARN_OBJC_IMPLICIT_RETAIN_SELF = YES;
				CLANG_WARN_OBJC_LITERAL_CONVERSION = YES;
				CLANG_WARN_OBJC_ROOT_CLASS = YES_ERROR;
				CLANG_WARN_QUOTED_INCLUDE_IN_FRAMEWORK_HEADER = YES;
				CLANG_WARN_RANGE_LOOP_ANALYSIS = YES;
				CLANG_WARN_STRICT_PROTOTYPES = YES;
				CLANG_WARN_SUSPICIOUS_MOVE = YES;
				CLANG_WARN_UNGUARDED_AVAILABILITY = YES_AGGRESSIVE;
				CLANG_WARN_UNREACHABLE_CODE = YES;
				CLANG_WARN__DUPLICATE_METHOD_MATCH = YES;
				COPY_PHASE_STRIP = NO;
				DEBUG_INFORMATION_FORMAT = dwarf;
				ENABLE_STRICT_OBJC_MSGSEND = YES;
				ENABLE_TESTABILITY = YES;
				GCC_C_LANGUAGE_STANDARD = gnu11;
				GCC_DYNAMIC_NO_PIC = NO;
				GCC_NO_COMMON_BLOCKS = YES;
				GCC_OPTIMIZATION_LEVEL = 0;
				GCC_PREPROCESSOR_DEFINITIONS = (
					"DEBUG=1",
					"$(inherited)",
				);
				GCC_WARN_64_TO_32_BIT_CONVERSION = YES;
				GCC_WARN_ABOUT_RETURN_TYPE = YES_ERROR;
				GCC_WARN_UNDECLARED_SELECTOR = YES;
				GCC_WARN_UNINITIALIZED_AUTOS = YES_AGGRESSIVE;
				GCC_WARN_UNUSED_FUNCTION = YES;
				GCC_WARN_UNUSED_VARIABLE = YES;
				IPHONEOS_DEPLOYMENT_TARGET = 16.1;
				MTL_ENABLE_DEBUG_INFO = INCLUDE_SOURCE;
				MTL_FAST_MATH = YES;
				ONLY_ACTIVE_ARCH = YES;
				SDKROOT = iphoneos;
				SWIFT_ACTIVE_COMPILATION_CONDITIONS = DEBUG;
				SWIFT_OPTIMIZATION_LEVEL = "-Onone";
			};
			name = Debug;
		};
		53A56BE52922BF4500B34483 /* Release */ = {
			isa = XCBuildConfiguration;
			buildSettings = {
				ALWAYS_SEARCH_USER_PATHS = NO;
				CLANG_ANALYZER_NONNULL = YES;
				CLANG_ANALYZER_NUMBER_OBJECT_CONVERSION = YES_AGGRESSIVE;
				CLANG_CXX_LANGUAGE_STANDARD = "gnu++20";
				CLANG_ENABLE_MODULES = YES;
				CLANG_ENABLE_OBJC_ARC = YES;
				CLANG_ENABLE_OBJC_WEAK = YES;
				CLANG_WARN_BLOCK_CAPTURE_AUTORELEASING = YES;
				CLANG_WARN_BOOL_CONVERSION = YES;
				CLANG_WARN_COMMA = YES;
				CLANG_WARN_CONSTANT_CONVERSION = YES;
				CLANG_WARN_DEPRECATED_OBJC_IMPLEMENTATIONS = YES;
				CLANG_WARN_DIRECT_OBJC_ISA_USAGE = YES_ERROR;
				CLANG_WARN_DOCUMENTATION_COMMENTS = YES;
				CLANG_WARN_EMPTY_BODY = YES;
				CLANG_WARN_ENUM_CONVERSION = YES;
				CLANG_WARN_INFINITE_RECURSION = YES;
				CLANG_WARN_INT_CONVERSION = YES;
				CLANG_WARN_NON_LITERAL_NULL_CONVERSION = YES;
				CLANG_WARN_OBJC_IMPLICIT_RETAIN_SELF = YES;
				CLANG_WARN_OBJC_LITERAL_CONVERSION = YES;
				CLANG_WARN_OBJC_ROOT_CLASS = YES_ERROR;
				CLANG_WARN_QUOTED_INCLUDE_IN_FRAMEWORK_HEADER = YES;
				CLANG_WARN_RANGE_LOOP_ANALYSIS = YES;
				CLANG_WARN_STRICT_PROTOTYPES = YES;
				CLANG_WARN_SUSPICIOUS_MOVE = YES;
				CLANG_WARN_UNGUARDED_AVAILABILITY = YES_AGGRESSIVE;
				CLANG_WARN_UNREACHABLE_CODE = YES;
				CLANG_WARN__DUPLICATE_METHOD_MATCH = YES;
				COPY_PHASE_STRIP = NO;
				DEBUG_INFORMATION_FORMAT = "dwarf-with-dsym";
				ENABLE_NS_ASSERTIONS = NO;
				ENABLE_STRICT_OBJC_MSGSEND = YES;
				GCC_C_LANGUAGE_STANDARD = gnu11;
				GCC_NO_COMMON_BLOCKS = YES;
				GCC_WARN_64_TO_32_BIT_CONVERSION = YES;
				GCC_WARN_ABOUT_RETURN_TYPE = YES_ERROR;
				GCC_WARN_UNDECLARED_SELECTOR = YES;
				GCC_WARN_UNINITIALIZED_AUTOS = YES_AGGRESSIVE;
				GCC_WARN_UNUSED_FUNCTION = YES;
				GCC_WARN_UNUSED_VARIABLE = YES;
				IPHONEOS_DEPLOYMENT_TARGET = 16.1;
				MTL_ENABLE_DEBUG_INFO = NO;
				MTL_FAST_MATH = YES;
				SDKROOT = iphoneos;
				SWIFT_COMPILATION_MODE = wholemodule;
				SWIFT_OPTIMIZATION_LEVEL = "-O";
				VALIDATE_PRODUCT = YES;
			};
			name = Release;
		};
		53A56BE72922BF4500B34483 /* Debug */ = {
			isa = XCBuildConfiguration;
			baseConfigurationReference = 5C0DAD81A4D7787C09B10C8A /* Pods-IonicTryout.debug.xcconfig */;
			buildSettings = {
				ASSETCATALOG_COMPILER_APPICON_NAME = AppIcon;
				ASSETCATALOG_COMPILER_GLOBAL_ACCENT_COLOR_NAME = AccentColor;
				CODE_SIGN_STYLE = Automatic;
				CURRENT_PROJECT_VERSION = 1;
				DEVELOPMENT_TEAM = E6EJG5LJQR;
				GENERATE_INFOPLIST_FILE = YES;
				INFOPLIST_FILE = IonicTryout/Info.plist;
				INFOPLIST_KEY_UIApplicationSupportsIndirectInputEvents = YES;
				INFOPLIST_KEY_UILaunchStoryboardName = LaunchScreen;
				INFOPLIST_KEY_UIMainStoryboardFile = Main;
				INFOPLIST_KEY_UISupportedInterfaceOrientations_iPad = "UIInterfaceOrientationPortrait UIInterfaceOrientationPortraitUpsideDown UIInterfaceOrientationLandscapeLeft UIInterfaceOrientationLandscapeRight";
				INFOPLIST_KEY_UISupportedInterfaceOrientations_iPhone = "UIInterfaceOrientationPortrait UIInterfaceOrientationLandscapeLeft UIInterfaceOrientationLandscapeRight";
				IPHONEOS_DEPLOYMENT_TARGET = 15.1;
				LD_RUNPATH_SEARCH_PATHS = (
					"$(inherited)",
					"@executable_path/Frameworks",
				);
				MARKETING_VERSION = 1.0;
				PRODUCT_BUNDLE_IDENTIFIER = com.experiments.IonicTryout;
				PRODUCT_NAME = "$(TARGET_NAME)";
				SWIFT_EMIT_LOC_STRINGS = YES;
				SWIFT_VERSION = 5.0;
				TARGETED_DEVICE_FAMILY = "1,2";
			};
			name = Debug;
		};
		53A56BE82922BF4500B34483 /* Release */ = {
			isa = XCBuildConfiguration;
			baseConfigurationReference = 5F3329BBBEB7315C5F643EF3 /* Pods-IonicTryout.release.xcconfig */;
			buildSettings = {
				ASSETCATALOG_COMPILER_APPICON_NAME = AppIcon;
				ASSETCATALOG_COMPILER_GLOBAL_ACCENT_COLOR_NAME = AccentColor;
				CODE_SIGN_STYLE = Automatic;
				CURRENT_PROJECT_VERSION = 1;
				DEVELOPMENT_TEAM = E6EJG5LJQR;
				GENERATE_INFOPLIST_FILE = YES;
				INFOPLIST_FILE = IonicTryout/Info.plist;
				INFOPLIST_KEY_UIApplicationSupportsIndirectInputEvents = YES;
				INFOPLIST_KEY_UILaunchStoryboardName = LaunchScreen;
				INFOPLIST_KEY_UIMainStoryboardFile = Main;
				INFOPLIST_KEY_UISupportedInterfaceOrientations_iPad = "UIInterfaceOrientationPortrait UIInterfaceOrientationPortraitUpsideDown UIInterfaceOrientationLandscapeLeft UIInterfaceOrientationLandscapeRight";
				INFOPLIST_KEY_UISupportedInterfaceOrientations_iPhone = "UIInterfaceOrientationPortrait UIInterfaceOrientationLandscapeLeft UIInterfaceOrientationLandscapeRight";
				IPHONEOS_DEPLOYMENT_TARGET = 15.1;
				LD_RUNPATH_SEARCH_PATHS = (
					"$(inherited)",
					"@executable_path/Frameworks",
				);
				MARKETING_VERSION = 1.0;
				PRODUCT_BUNDLE_IDENTIFIER = com.experiments.IonicTryout;
				PRODUCT_NAME = "$(TARGET_NAME)";
				SWIFT_EMIT_LOC_STRINGS = YES;
				SWIFT_VERSION = 5.0;
				TARGETED_DEVICE_FAMILY = "1,2";
			};
			name = Release;
		};
		53A56BEA2922BF4500B34483 /* Debug */ = {
			isa = XCBuildConfiguration;
			baseConfigurationReference = 298BC8046701BDE8E3FA68BD /* Pods-IonicTryoutTests.debug.xcconfig */;
			buildSettings = {
				ALWAYS_EMBED_SWIFT_STANDARD_LIBRARIES = YES;
				BUNDLE_LOADER = "$(TEST_HOST)";
				CODE_SIGN_STYLE = Automatic;
				CURRENT_PROJECT_VERSION = 1;
				DEVELOPMENT_TEAM = E6EJG5LJQR;
				GENERATE_INFOPLIST_FILE = YES;
				IPHONEOS_DEPLOYMENT_TARGET = 16.1;
				MARKETING_VERSION = 1.0;
				PRODUCT_BUNDLE_IDENTIFIER = com.experiments.IonicTryoutTests;
				PRODUCT_NAME = "$(TARGET_NAME)";
				SWIFT_EMIT_LOC_STRINGS = NO;
				SWIFT_VERSION = 5.0;
				TARGETED_DEVICE_FAMILY = "1,2";
				TEST_HOST = "$(BUILT_PRODUCTS_DIR)/IonicTryout.app/$(BUNDLE_EXECUTABLE_FOLDER_PATH)/IonicTryout";
			};
			name = Debug;
		};
		53A56BEB2922BF4500B34483 /* Release */ = {
			isa = XCBuildConfiguration;
			baseConfigurationReference = 864BBAA6978F3C073B99D6AB /* Pods-IonicTryoutTests.release.xcconfig */;
			buildSettings = {
				ALWAYS_EMBED_SWIFT_STANDARD_LIBRARIES = YES;
				BUNDLE_LOADER = "$(TEST_HOST)";
				CODE_SIGN_STYLE = Automatic;
				CURRENT_PROJECT_VERSION = 1;
				DEVELOPMENT_TEAM = E6EJG5LJQR;
				GENERATE_INFOPLIST_FILE = YES;
				IPHONEOS_DEPLOYMENT_TARGET = 16.1;
				MARKETING_VERSION = 1.0;
				PRODUCT_BUNDLE_IDENTIFIER = com.experiments.IonicTryoutTests;
				PRODUCT_NAME = "$(TARGET_NAME)";
				SWIFT_EMIT_LOC_STRINGS = NO;
				SWIFT_VERSION = 5.0;
				TARGETED_DEVICE_FAMILY = "1,2";
				TEST_HOST = "$(BUILT_PRODUCTS_DIR)/IonicTryout.app/$(BUNDLE_EXECUTABLE_FOLDER_PATH)/IonicTryout";
			};
			name = Release;
		};
		53A56BED2922BF4500B34483 /* Debug */ = {
			isa = XCBuildConfiguration;
			baseConfigurationReference = 09791477DB2DF08F6A2C3D70 /* Pods-IonicTryout-IonicTryoutUITests.debug.xcconfig */;
			buildSettings = {
				ALWAYS_EMBED_SWIFT_STANDARD_LIBRARIES = YES;
				CODE_SIGN_STYLE = Automatic;
				CURRENT_PROJECT_VERSION = 1;
				DEVELOPMENT_TEAM = E6EJG5LJQR;
				GENERATE_INFOPLIST_FILE = YES;
				MARKETING_VERSION = 1.0;
				PRODUCT_BUNDLE_IDENTIFIER = com.experiments.IonicTryoutUITests;
				PRODUCT_NAME = "$(TARGET_NAME)";
				SWIFT_EMIT_LOC_STRINGS = NO;
				SWIFT_VERSION = 5.0;
				TARGETED_DEVICE_FAMILY = "1,2";
				TEST_TARGET_NAME = IonicTryout;
			};
			name = Debug;
		};
		53A56BEE2922BF4500B34483 /* Release */ = {
			isa = XCBuildConfiguration;
			baseConfigurationReference = 1B8298384AE2DC3B4E50FDEF /* Pods-IonicTryout-IonicTryoutUITests.release.xcconfig */;
			buildSettings = {
				ALWAYS_EMBED_SWIFT_STANDARD_LIBRARIES = YES;
				CODE_SIGN_STYLE = Automatic;
				CURRENT_PROJECT_VERSION = 1;
				DEVELOPMENT_TEAM = E6EJG5LJQR;
				GENERATE_INFOPLIST_FILE = YES;
				MARKETING_VERSION = 1.0;
				PRODUCT_BUNDLE_IDENTIFIER = com.experiments.IonicTryoutUITests;
				PRODUCT_NAME = "$(TARGET_NAME)";
				SWIFT_EMIT_LOC_STRINGS = NO;
				SWIFT_VERSION = 5.0;
				TARGETED_DEVICE_FAMILY = "1,2";
				TEST_TARGET_NAME = IonicTryout;
			};
			name = Release;
		};
/* End XCBuildConfiguration section */

/* Begin XCConfigurationList section */
		53A56BB72922BF4200B34483 /* Build configuration list for PBXProject "IonicTryout" */ = {
			isa = XCConfigurationList;
			buildConfigurations = (
				53A56BE42922BF4500B34483 /* Debug */,
				53A56BE52922BF4500B34483 /* Release */,
			);
			defaultConfigurationIsVisible = 0;
			defaultConfigurationName = Release;
		};
		53A56BE62922BF4500B34483 /* Build configuration list for PBXNativeTarget "IonicTryout" */ = {
			isa = XCConfigurationList;
			buildConfigurations = (
				53A56BE72922BF4500B34483 /* Debug */,
				53A56BE82922BF4500B34483 /* Release */,
			);
			defaultConfigurationIsVisible = 0;
			defaultConfigurationName = Release;
		};
		53A56BE92922BF4500B34483 /* Build configuration list for PBXNativeTarget "IonicTryoutTests" */ = {
			isa = XCConfigurationList;
			buildConfigurations = (
				53A56BEA2922BF4500B34483 /* Debug */,
				53A56BEB2922BF4500B34483 /* Release */,
			);
			defaultConfigurationIsVisible = 0;
			defaultConfigurationName = Release;
		};
		53A56BEC2922BF4500B34483 /* Build configuration list for PBXNativeTarget "IonicTryoutUITests" */ = {
			isa = XCConfigurationList;
			buildConfigurations = (
				53A56BED2922BF4500B34483 /* Debug */,
				53A56BEE2922BF4500B34483 /* Release */,
			);
			defaultConfigurationIsVisible = 0;
			defaultConfigurationName = Release;
		};
/* End XCConfigurationList section */
	};
	rootObject = 53A56BB42922BF4200B34483 /* Project object */;
}
